
Microsoft Visual Studio Solution File, Format Version 12.00
# Visual Studio Version 16
VisualStudioVersion = 16.0.30711.63
MinimumVisualStudioVersion = 10.0.40219.1
Project("{FAE04EC0-301F-11D3-BF4B-00C04F79EFBC}") = "Yun.Share.Voice", "Yun.Share.Voice\Yun.Share.Voice.csproj", "{AFEE9B04-236D-4BB5-BCBD-5FE7E262B1B3}"
EndProject
Global
	GlobalSection(SolutionConfigurationPlatforms) = preSolution
		Debug|Any CPU = Debug|Any CPU
		Release|Any CPU = Release|Any CPU
	EndGlobalSection
	GlobalSection(ProjectConfigurationPlatforms) = postSolution
		{AFEE9B04-236D-4BB5-BCBD-5FE7E262B1B3}.Debug|Any CPU.ActiveCfg = Debug|Any CPU
		{AFEE9B04-236D-4BB5-BCBD-5FE7E262B1B3}.Debug|Any CPU.Build.0 = Debug|Any CPU
		{AFEE9B04-236D-4BB5-BCBD-5FE7E262B1B3}.Release|Any CPU.ActiveCfg = Release|Any CPU
		{AFEE9B04-236D-4BB5-BCBD-5FE7E262B1B3}.Release|Any CPU.Build.0 = Release|Any CPU
	EndGlobalSection
	GlobalSection(SolutionProperties) = preSolution
		HideSolutionNode = FALSE
	EndGlobalSection
	GlobalSection(ExtensibilityGlobals) = postSolution
		SolutionGuid = {74C9A0C5-4CEC-4D86-AC3F-6A00C8FC47CD}
	EndGlobalSection
EndGlobal
