{
    "name": "tab栏，导航栏，滑动切换，配置多样，性能强劲 （兼容vue2.x,3.x）",
    "version": "1.1.0",
    "lockfileVersion": 1,
    "requires": true,
    "dependencies": {
        "async-validator": {
            "version": "1.8.5",
            "resolved": "https://registry.npmjs.org/async-validator/-/async-validator-1.8.5.tgz",
            "integrity": "sha512-tXBM+1m056MAX0E8TL2iCjg8WvSyXu0Zc8LNtYqrVeyoL3+esHRZ4SieE9fKQyyU09uONjnMEjrNBMqT0mbvmA==",
            "requires": {
                "babel-runtime": "6.x"
            }
        },
        "babel-helper-vue-jsx-merge-props": {
            "version": "2.0.3",
            "resolved": "https://registry.npmjs.org/babel-helper-vue-jsx-merge-props/-/babel-helper-vue-jsx-merge-props-2.0.3.tgz",
            "integrity": "sha512-gsLiKK7Qrb7zYJNgiXKpXblxbV5ffSwR0f5whkPAaBAR4fhi6bwRZxX9wBlIc5M/v8CCkXUbXZL4N/nSE97cqg=="
        },
        "babel-runtime": {
            "version": "6.26.0",
            "resolved": "https://registry.npmjs.org/babel-runtime/-/babel-runtime-6.26.0.tgz",
            "integrity": "sha512-ITKNuq2wKlW1fJg9sSW52eepoYgZBggvOAHC0u/CYu/qxQ9EVzThCgR69BnSXLHjy2f7SY5zaQ4yt7H9ZVxY2g==",
            "requires": {
                "core-js": "^2.4.0",
                "regenerator-runtime": "^0.11.0"
            }
        },
        "core-js": {
            "version": "2.6.12",
            "resolved": "https://registry.npmjs.org/core-js/-/core-js-2.6.12.tgz",
            "integrity": "sha512-Kb2wC0fvsWfQrgk8HU5lW6U/Lcs8+9aaYcy4ZFc6DDlo4nZ7n70dEgE5rtR0oG6ufKDUnrwfWL1mXR5ljDatrQ=="
        },
        "deep-equal": {
            "version": "0.0.0",
            "resolved": "https://registry.npmjs.org/deep-equal/-/deep-equal-0.0.0.tgz",
            "integrity": "sha512-p1bI/kkDPT6auUI0U+WLuIIrzmDIDo80I406J8tT4y6I4ZGtBuMeTudrKDtBdMJFAcxqrQdx27gosqPVyY3IvQ=="
        },
        "deepmerge": {
            "version": "1.5.2",
            "resolved": "https://registry.npmjs.org/deepmerge/-/deepmerge-1.5.2.tgz",
            "integrity": "sha512-95k0GDqvBjZavkuvzx/YqVLv/6YYa17fz6ILMSf7neqQITCPbnfEnQvEgMPNjH4kgobe7+WIL0yJEHku+H3qtQ=="
        },
        "defined": {
            "version": "0.0.0",
            "resolved": "https://registry.npmjs.org/defined/-/defined-0.0.0.tgz",
            "integrity": "sha512-zpqiCT8bODLu3QSmLLic8xJnYWBFjOSu/fBCm189oAiTtPq/PSanNACKZDS7kgSyCJY7P+IcODzlIogBK/9RBg=="
        },
        "element": {
            "version": "0.1.4",
            "resolved": "https://registry.npmjs.org/element/-/element-0.1.4.tgz",
            "integrity": "sha512-bIKdd1hQ4/srLeqmURQRYmUhbRvyLD7leuyRGcb0EbyylEa/A5lxzvoRN/tbrwWBRQGd5K6RM11EhqpbmGs0rA==",
            "requires": {
                "ent": "0.0.5",
                "global": "~2.0.7",
                "lru-cache": "~2.3.0"
            }
        },
        "element-ui": {
            "version": "2.15.10",
            "resolved": "https://registry.npmjs.org/element-ui/-/element-ui-2.15.10.tgz",
            "integrity": "sha512-jmD++mU2wKXbisvx4fxOl2mHaU+HWHTAq/3Wf8x9Bwyu4GdDZPLABb+CGi3DWN6fPqdgRcd74aX39DO+YHObLw==",
            "requires": {
                "async-validator": "~1.8.1",
                "babel-helper-vue-jsx-merge-props": "^2.0.0",
                "deepmerge": "^1.2.0",
                "normalize-wheel": "^1.0.1",
                "resize-observer-polyfill": "^1.5.0",
                "throttle-debounce": "^1.0.1"
            }
        },
        "ent": {
            "version": "0.0.5",
            "resolved": "https://registry.npmjs.org/ent/-/ent-0.0.5.tgz",
            "integrity": "sha512-rczZxJ2oOS7GwN9ewjhciqqwum7AZRqXzJWXBkTDfHWoMf6KBthintOZYMdrkT4xPcYAeTUKYP1nCqeu3XZ03Q=="
        },
        "global": {
            "version": "2.0.7",
            "resolved": "https://registry.npmjs.org/global/-/global-2.0.7.tgz",
            "integrity": "sha512-uyLyozYI1KDVqDUaEPM/9qdQKtNRxmRXiZ6ENCCID6miO+TnXAVopshc0ym/KJTTK6lH3STKRdP3Vtmyl02n9w==",
            "requires": {
                "min-document": "~0.2.2",
                "process": "~0.5.1"
            }
        },
        "jsonify": {
            "version": "0.0.0",
            "resolved": "https://registry.npmjs.org/jsonify/-/jsonify-0.0.0.tgz",
            "integrity": "sha512-trvBk1ki43VZptdBI5rIlG4YOzyeH/WefQt5rj1grasPn4iiZWKet8nkgc4GlsAylaztn0qZfUYOiTsASJFdNA=="
        },
        "lru-cache": {
            "version": "2.3.1",
            "resolved": "https://registry.npmjs.org/lru-cache/-/lru-cache-2.3.1.tgz",
            "integrity": "sha512-EjtmtXFUu+wXm6PW3T6RT1ekQUxobC7B5TDCU0CS0212wzpwKiXs6vLun+JI+OoWmmliWdYqnrpjrlK7W3ELdQ=="
        },
        "min-document": {
            "version": "0.2.8",
            "resolved": "https://registry.npmjs.org/min-document/-/min-document-0.2.8.tgz",
            "integrity": "sha512-ri+szIofvuuGNJyf9sSpZNflnMoB1Cc+1B/yEksib+YXF/9CdnKABVFMk0n4+RTXP5bRSp8kP5NbpdMHGmabbw==",
            "requires": {
                "tape": "~1.0.2"
            }
        },
        "normalize-wheel": {
            "version": "1.0.1",
            "resolved": "https://registry.npmjs.org/normalize-wheel/-/normalize-wheel-1.0.1.tgz",
            "integrity": "sha512-1OnlAPZ3zgrk8B91HyRj+eVv+kS5u+Z0SCsak6Xil/kmgEia50ga7zfkumayonZrImffAxPU/5WcyGhzetHNPA=="
        },
        "process": {
            "version": "0.5.2",
            "resolved": "https://registry.npmjs.org/process/-/process-0.5.2.tgz",
            "integrity": "sha512-oNpcutj+nYX2FjdEW7PGltWhXulAnFlM0My/k48L90hARCOJtvBbQXc/6itV2jDvU5xAAtonP+r6wmQgCcbAUA=="
        },
        "regenerator-runtime": {
            "version": "0.11.1",
            "resolved": "https://registry.npmjs.org/regenerator-runtime/-/regenerator-runtime-0.11.1.tgz",
            "integrity": "sha512-MguG95oij0fC3QV3URf4V2SDYGJhJnJGqvIIgdECeODCT98wSWDAJ94SSuVpYQUoTcGUIL6L4yNB7j1DFFHSBg=="
        },
        "resize-observer-polyfill": {
            "version": "1.5.1",
            "resolved": "https://registry.npmjs.org/resize-observer-polyfill/-/resize-observer-polyfill-1.5.1.tgz",
            "integrity": "sha512-LwZrotdHOo12nQuZlHEmtuXdqGoOD0OhaxopaNFxWzInpEgaLWoVuAMbTzixuosCx2nEG58ngzW3vxdWoxIgdg=="
        },
        "std": {
            "version": "0.1.40",
            "resolved": "https://registry.npmjs.org/std/-/std-0.1.40.tgz",
            "integrity": "sha512-wUf57hkDGCoVShrhPA8Q7lAg2Qosk+FaMlECmAsr1A4/rL2NRXFHQGBcgMUFKVkPEemJFW9gzjCQisRty14ohg=="
        },
        "tape": {
            "version": "1.0.4",
            "resolved": "https://registry.npmjs.org/tape/-/tape-1.0.4.tgz",
            "integrity": "sha512-ZJJxfxdPJWgq45Un77uYlI0/R9AkW7/sByPSb915VED2MgNm5r2UwXQwvECabIrpZKiF3sc4VaeDNljLRgMRhw==",
            "requires": {
                "deep-equal": "~0.0.0",
                "defined": "~0.0.0",
                "jsonify": "~0.0.0",
                "through": "~2.3.4"
            }
        },
        "throttle-debounce": {
            "version": "1.1.0",
            "resolved": "https://registry.npmjs.org/throttle-debounce/-/throttle-debounce-1.1.0.tgz",
            "integrity": "sha512-XH8UiPCQcWNuk2LYePibW/4qL97+ZQ1AN3FNXwZRBNPPowo/NRU5fAlDCSNBJIYCKbioZfuYtMhG4quqoJhVzg=="
        },
        "through": {
            "version": "2.3.8",
            "resolved": "https://registry.npmjs.org/through/-/through-2.3.8.tgz",
            "integrity": "sha512-w89qg7PI8wAdvX60bMDP+bFoD5Dvhm9oLheFp5O4a2QF0cSBGsBX4qZmadPMvVqlLJBBci+WqGGOAPvcDeNSVg=="
        },
        "ui": {
            "version": "0.2.4",
            "resolved": "https://registry.npmjs.org/ui/-/ui-0.2.4.tgz",
            "integrity": "sha512-se2D+frb/i6JwFc7j72IEa0JADF8lfgc6ivOigaYkXHOuZRBtWe8R7UZ2YiXcbJ1dYNsjq40dn39rlNRxmVdPw==",
            "requires": {
                "std": "0.1.x"
            }
        }
    }
}
